// !$*UTF8*$!
{
	archiveVersion = 1;
	classes = {
	};
	objectVersion = 50;
	objects = {

/* Begin PBXBuildFile section */
		CB6BF2BC24BDDBE40065F64E /* AppDelegate.swift in Sources */ = {isa = PBXBuildFile; fileRef = CB6BF2BB24BDDBE40065F64E /* AppDelegate.swift */; };
		CB6BF2C024BDDBE40065F64E /* ConverterVC.swift in Sources */ = {isa = PBXBuildFile; fileRef = CB6BF2BF24BDDBE40065F64E /* ConverterVC.swift */; };
		CB6BF2C324BDDBE40065F64E /* Main.storyboard in Resources */ = {isa = PBXBuildFile; fileRef = CB6BF2C124BDDBE40065F64E /* Main.storyboard */; };
		CB6BF2C624BDDBE40065F64E /* travelApp.xcdatamodeld in Sources */ = {isa = PBXBuildFile; fileRef = CB6BF2C424BDDBE40065F64E /* travelApp.xcdatamodeld */; };
		CB6BF2C824BDDBE60065F64E /* Assets.xcassets in Resources */ = {isa = PBXBuildFile; fileRef = CB6BF2C724BDDBE60065F64E /* Assets.xcassets */; };
		CB6BF2CB24BDDBE60065F64E /* LaunchScreen.storyboard in Resources */ = {isa = PBXBuildFile; fileRef = CB6BF2C924BDDBE60065F64E /* LaunchScreen.storyboard */; };
		CB6BF2D624BDE4340065F64E /* TranslatorVC.swift in Sources */ = {isa = PBXBuildFile; fileRef = CB6BF2D524BDE4340065F64E /* TranslatorVC.swift */; };
		CB6BF2D824BDE5090065F64E /* WeatherVC.swift in Sources */ = {isa = PBXBuildFile; fileRef = CB6BF2D724BDE5090065F64E /* WeatherVC.swift */; };
		CB6BF2DA24BDE52F0065F64E /* ToDoVC.swift in Sources */ = {isa = PBXBuildFile; fileRef = CB6BF2D924BDE52F0065F64E /* ToDoVC.swift */; };
		CB6BF2DC24BDE54D0065F64E /* SettingsVC.swift in Sources */ = {isa = PBXBuildFile; fileRef = CB6BF2DB24BDE54D0065F64E /* SettingsVC.swift */; };
		CB7F046724C3093C0084D64E /* CoreDataManagerTest.swift in Sources */ = {isa = PBXBuildFile; fileRef = CB7F046624C3093C0084D64E /* CoreDataManagerTest.swift */; };
		CB7F047124C309F60084D64E /* FakeCoreDataStack.swift in Sources */ = {isa = PBXBuildFile; fileRef = CB7F047024C309F60084D64E /* FakeCoreDataStack.swift */; };
		CB7F047324C310390084D64E /* HTTPEngine.swift in Sources */ = {isa = PBXBuildFile; fileRef = CB7F047224C310390084D64E /* HTTPEngine.swift */; };
		CB7F047524C318550084D64E /* HTTPclient.swift in Sources */ = {isa = PBXBuildFile; fileRef = CB7F047424C318550084D64E /* HTTPclient.swift */; };
		CB7F047724C318B90084D64E /* Constant.swift in Sources */ = {isa = PBXBuildFile; fileRef = CB7F047624C318B90084D64E /* Constant.swift */; };
		CB8F7C4724BE38950080570D /* RequestError.swift in Sources */ = {isa = PBXBuildFile; fileRef = CB8F7C4624BE38950080570D /* RequestError.swift */; };
		CB8F7C4924BE38C80080570D /* Data.swift in Sources */ = {isa = PBXBuildFile; fileRef = CB8F7C4824BE38C80080570D /* Data.swift */; };
		CB925B3924BF36E20049774F /* UIViewController + setAlertVc.swift in Sources */ = {isa = PBXBuildFile; fileRef = CB925B3824BF36E20049774F /* UIViewController + setAlertVc.swift */; };
		CB925B3B24BF60B90049774F /* NotificationName.swift in Sources */ = {isa = PBXBuildFile; fileRef = CB925B3A24BF60B90049774F /* NotificationName.swift */; };
		CB925B3D24BF80B60049774F /* CoreDataManager.swift in Sources */ = {isa = PBXBuildFile; fileRef = CB925B3C24BF80B60049774F /* CoreDataManager.swift */; };
		CB925B3F24BF80D70049774F /* CoreDataStack.swift in Sources */ = {isa = PBXBuildFile; fileRef = CB925B3E24BF80D70049774F /* CoreDataStack.swift */; };
		CBC5FE7E24C3920C00B671A3 /* UIView + animateCellBackground.swift in Sources */ = {isa = PBXBuildFile; fileRef = CBC5FE7D24C3920C00B671A3 /* UIView + animateCellBackground.swift */; };
		CBEF0C4824C472F9008535E1 /* WeatherModel.swift in Sources */ = {isa = PBXBuildFile; fileRef = CBEF0C4724C472F9008535E1 /* WeatherModel.swift */; };
		CBEF0C4A24C49D4A008535E1 /* WeatherModelTest.swift in Sources */ = {isa = PBXBuildFile; fileRef = CBEF0C4924C49D4A008535E1 /* WeatherModelTest.swift */; };
		CBFB8BA924C3C4E000318370 /* UIViewController + setKeyboard.swift in Sources */ = {isa = PBXBuildFile; fileRef = CBFB8BA824C3C4E000318370 /* UIViewController + setKeyboard.swift */; };
/* End PBXBuildFile section */

/* Begin PBXContainerItemProxy section */
		CB7F046924C3093C0084D64E /* PBXContainerItemProxy */ = {
			isa = PBXContainerItemProxy;
			containerPortal = CB6BF2B024BDDBE40065F64E /* Project object */;
			proxyType = 1;
			remoteGlobalIDString = CB6BF2B724BDDBE40065F64E;
			remoteInfo = travelApp;
		};
/* End PBXContainerItemProxy section */

/* Begin PBXFileReference section */
		CB6BF2B824BDDBE40065F64E /* travelApp.app */ = {isa = PBXFileReference; explicitFileType = wrapper.application; includeInIndex = 0; path = travelApp.app; sourceTree = BUILT_PRODUCTS_DIR; };
		CB6BF2BB24BDDBE40065F64E /* AppDelegate.swift */ = {isa = PBXFileReference; lastKnownFileType = sourcecode.swift; path = AppDelegate.swift; sourceTree = "<group>"; };
		CB6BF2BF24BDDBE40065F64E /* ConverterVC.swift */ = {isa = PBXFileReference; lastKnownFileType = sourcecode.swift; path = ConverterVC.swift; sourceTree = "<group>"; };
		CB6BF2C224BDDBE40065F64E /* Base */ = {isa = PBXFileReference; lastKnownFileType = file.storyboard; name = Base; path = Base.lproj/Main.storyboard; sourceTree = "<group>"; };
		CB6BF2C524BDDBE40065F64E /* travelApp.xcdatamodel */ = {isa = PBXFileReference; lastKnownFileType = wrapper.xcdatamodel; path = travelApp.xcdatamodel; sourceTree = "<group>"; };
		CB6BF2C724BDDBE60065F64E /* Assets.xcassets */ = {isa = PBXFileReference; lastKnownFileType = folder.assetcatalog; path = Assets.xcassets; sourceTree = "<group>"; };
		CB6BF2CA24BDDBE60065F64E /* Base */ = {isa = PBXFileReference; lastKnownFileType = file.storyboard; name = Base; path = Base.lproj/LaunchScreen.storyboard; sourceTree = "<group>"; };
		CB6BF2CC24BDDBE60065F64E /* Info.plist */ = {isa = PBXFileReference; lastKnownFileType = text.plist.xml; path = Info.plist; sourceTree = "<group>"; };
		CB6BF2D524BDE4340065F64E /* TranslatorVC.swift */ = {isa = PBXFileReference; lastKnownFileType = sourcecode.swift; path = TranslatorVC.swift; sourceTree = "<group>"; };
		CB6BF2D724BDE5090065F64E /* WeatherVC.swift */ = {isa = PBXFileReference; lastKnownFileType = sourcecode.swift; path = WeatherVC.swift; sourceTree = "<group>"; };
		CB6BF2D924BDE52F0065F64E /* ToDoVC.swift */ = {isa = PBXFileReference; lastKnownFileType = sourcecode.swift; path = ToDoVC.swift; sourceTree = "<group>"; };
		CB6BF2DB24BDE54D0065F64E /* SettingsVC.swift */ = {isa = PBXFileReference; lastKnownFileType = sourcecode.swift; path = SettingsVC.swift; sourceTree = "<group>"; };
		CB7F046424C3093C0084D64E /* travelAppTests.xctest */ = {isa = PBXFileReference; explicitFileType = wrapper.cfbundle; includeInIndex = 0; path = travelAppTests.xctest; sourceTree = BUILT_PRODUCTS_DIR; };
		CB7F046624C3093C0084D64E /* CoreDataManagerTest.swift */ = {isa = PBXFileReference; lastKnownFileType = sourcecode.swift; path = CoreDataManagerTest.swift; sourceTree = "<group>"; };
		CB7F046824C3093C0084D64E /* Info.plist */ = {isa = PBXFileReference; lastKnownFileType = text.plist.xml; path = Info.plist; sourceTree = "<group>"; };
		CB7F047024C309F60084D64E /* FakeCoreDataStack.swift */ = {isa = PBXFileReference; lastKnownFileType = sourcecode.swift; path = FakeCoreDataStack.swift; sourceTree = "<group>"; };
		CB7F047224C310390084D64E /* HTTPEngine.swift */ = {isa = PBXFileReference; lastKnownFileType = sourcecode.swift; path = HTTPEngine.swift; sourceTree = "<group>"; };
		CB7F047424C318550084D64E /* HTTPclient.swift */ = {isa = PBXFileReference; lastKnownFileType = sourcecode.swift; path = HTTPclient.swift; sourceTree = "<group>"; };
		CB7F047624C318B90084D64E /* Constant.swift */ = {isa = PBXFileReference; lastKnownFileType = sourcecode.swift; path = Constant.swift; sourceTree = "<group>"; };
		CB8F7C4624BE38950080570D /* RequestError.swift */ = {isa = PBXFileReference; lastKnownFileType = sourcecode.swift; path = RequestError.swift; sourceTree = "<group>"; };
		CB8F7C4824BE38C80080570D /* Data.swift */ = {isa = PBXFileReference; lastKnownFileType = sourcecode.swift; path = Data.swift; sourceTree = "<group>"; };
		CB925B3824BF36E20049774F /* UIViewController + setAlertVc.swift */ = {isa = PBXFileReference; lastKnownFileType = sourcecode.swift; path = "UIViewController + setAlertVc.swift"; sourceTree = "<group>"; };
		CB925B3A24BF60B90049774F /* NotificationName.swift */ = {isa = PBXFileReference; lastKnownFileType = sourcecode.swift; path = NotificationName.swift; sourceTree = "<group>"; };
		CB925B3C24BF80B60049774F /* CoreDataManager.swift */ = {isa = PBXFileReference; lastKnownFileType = sourcecode.swift; path = CoreDataManager.swift; sourceTree = "<group>"; };
		CB925B3E24BF80D70049774F /* CoreDataStack.swift */ = {isa = PBXFileReference; lastKnownFileType = sourcecode.swift; path = CoreDataStack.swift; sourceTree = "<group>"; };
		CBC5FE7D24C3920C00B671A3 /* UIView + animateCellBackground.swift */ = {isa = PBXFileReference; lastKnownFileType = sourcecode.swift; path = "UIView + animateCellBackground.swift"; sourceTree = "<group>"; };
		CBEF0C4724C472F9008535E1 /* WeatherModel.swift */ = {isa = PBXFileReference; lastKnownFileType = sourcecode.swift; path = WeatherModel.swift; sourceTree = "<group>"; };
		CBEF0C4924C49D4A008535E1 /* WeatherModelTest.swift */ = {isa = PBXFileReference; lastKnownFileType = sourcecode.swift; path = WeatherModelTest.swift; sourceTree = "<group>"; };
		CBFB8BA824C3C4E000318370 /* UIViewController + setKeyboard.swift */ = {isa = PBXFileReference; lastKnownFileType = sourcecode.swift; path = "UIViewController + setKeyboard.swift"; sourceTree = "<group>"; };
/* End PBXFileReference section */

/* Begin PBXFrameworksBuildPhase section */
		CB6BF2B524BDDBE40065F64E /* Frameworks */ = {
			isa = PBXFrameworksBuildPhase;
			buildActionMask = 2147483647;
			files = (
			);
			runOnlyForDeploymentPostprocessing = 0;
		};
		CB7F046124C3093C0084D64E /* Frameworks */ = {
			isa = PBXFrameworksBuildPhase;
			buildActionMask = 2147483647;
			files = (
			);
			runOnlyForDeploymentPostprocessing = 0;
		};
/* End PBXFrameworksBuildPhase section */

/* Begin PBXGroup section */
		CB6BF2AF24BDDBE40065F64E = {
			isa = PBXGroup;
			children = (
				CB6BF2BA24BDDBE40065F64E /* travelApp */,
				CB7F046524C3093C0084D64E /* travelAppTests */,
				CB6BF2B924BDDBE40065F64E /* Products */,
			);
			sourceTree = "<group>";
		};
		CB6BF2B924BDDBE40065F64E /* Products */ = {
			isa = PBXGroup;
			children = (
				CB6BF2B824BDDBE40065F64E /* travelApp.app */,
				CB7F046424C3093C0084D64E /* travelAppTests.xctest */,
			);
			name = Products;
			sourceTree = "<group>";
		};
		CB6BF2BA24BDDBE40065F64E /* travelApp */ = {
			isa = PBXGroup;
			children = (
				CB6BF2D224BDDC660065F64E /* Model */,
				CB6BF2D324BDDC6D0065F64E /* View */,
				CB6BF2D424BDDC7A0065F64E /* Controller */,
				CB6BF2BB24BDDBE40065F64E /* AppDelegate.swift */,
				CB6BF2C724BDDBE60065F64E /* Assets.xcassets */,
				CB6BF2C924BDDBE60065F64E /* LaunchScreen.storyboard */,
				CB6BF2CC24BDDBE60065F64E /* Info.plist */,
			);
			path = travelApp;
			sourceTree = "<group>";
		};
		CB6BF2D224BDDC660065F64E /* Model */ = {
			isa = PBXGroup;
			children = (
				CB8F7C4824BE38C80080570D /* Data.swift */,
				CB7F047624C318B90084D64E /* Constant.swift */,
				CBEF0C4724C472F9008535E1 /* WeatherModel.swift */,
				CB7F047924C31C010084D64E /* GenericCoreData */,
				CB7F047824C31BFB0084D64E /* GenericNetworking */,
			);
			path = Model;
			sourceTree = "<group>";
		};
		CB6BF2D324BDDC6D0065F64E /* View */ = {
			isa = PBXGroup;
			children = (
				CB6BF2C124BDDBE40065F64E /* Main.storyboard */,
			);
			path = View;
			sourceTree = "<group>";
		};
		CB6BF2D424BDDC7A0065F64E /* Controller */ = {
			isa = PBXGroup;
			children = (
				CB6BF2BF24BDDBE40065F64E /* ConverterVC.swift */,
				CB6BF2D524BDE4340065F64E /* TranslatorVC.swift */,
				CB6BF2D724BDE5090065F64E /* WeatherVC.swift */,
				CB6BF2D924BDE52F0065F64E /* ToDoVC.swift */,
				CB6BF2DB24BDE54D0065F64E /* SettingsVC.swift */,
				CB925B3724BF36C40049774F /* Extensions */,
			);
			path = Controller;
			sourceTree = "<group>";
		};
		CB7F046524C3093C0084D64E /* travelAppTests */ = {
			isa = PBXGroup;
			children = (
				CB7F046624C3093C0084D64E /* CoreDataManagerTest.swift */,
				CB7F047024C309F60084D64E /* FakeCoreDataStack.swift */,
				CBEF0C4924C49D4A008535E1 /* WeatherModelTest.swift */,
				CB7F046824C3093C0084D64E /* Info.plist */,
			);
			path = travelAppTests;
			sourceTree = "<group>";
		};
		CB7F047824C31BFB0084D64E /* GenericNetworking */ = {
			isa = PBXGroup;
			children = (
				CB7F047424C318550084D64E /* HTTPclient.swift */,
				CB7F047224C310390084D64E /* HTTPEngine.swift */,
				CB8F7C4624BE38950080570D /* RequestError.swift */,
			);
			path = GenericNetworking;
			sourceTree = "<group>";
		};
		CB7F047924C31C010084D64E /* GenericCoreData */ = {
			isa = PBXGroup;
			children = (
				CB6BF2C424BDDBE40065F64E /* travelApp.xcdatamodeld */,
				CB925B3C24BF80B60049774F /* CoreDataManager.swift */,
				CB925B3E24BF80D70049774F /* CoreDataStack.swift */,
			);
			path = GenericCoreData;
			sourceTree = "<group>";
		};
		CB925B3724BF36C40049774F /* Extensions */ = {
			isa = PBXGroup;
			children = (
				CB925B3824BF36E20049774F /* UIViewController + setAlertVc.swift */,
				CB925B3A24BF60B90049774F /* NotificationName.swift */,
				CBC5FE7D24C3920C00B671A3 /* UIView + animateCellBackground.swift */,
				CBFB8BA824C3C4E000318370 /* UIViewController + setKeyboard.swift */,
			);
			path = Extensions;
			sourceTree = "<group>";
		};
/* End PBXGroup section */

/* Begin PBXNativeTarget section */
		CB6BF2B724BDDBE40065F64E /* travelApp */ = {
			isa = PBXNativeTarget;
			buildConfigurationList = CB6BF2CF24BDDBE60065F64E /* Build configuration list for PBXNativeTarget "travelApp" */;
			buildPhases = (
				CB6BF2B424BDDBE40065F64E /* Sources */,
				CB6BF2B524BDDBE40065F64E /* Frameworks */,
				CB6BF2B624BDDBE40065F64E /* Resources */,
			);
			buildRules = (
			);
			dependencies = (
			);
			name = travelApp;
			productName = travelApp;
			productReference = CB6BF2B824BDDBE40065F64E /* travelApp.app */;
			productType = "com.apple.product-type.application";
		};
		CB7F046324C3093C0084D64E /* travelAppTests */ = {
			isa = PBXNativeTarget;
			buildConfigurationList = CB7F046D24C3093C0084D64E /* Build configuration list for PBXNativeTarget "travelAppTests" */;
			buildPhases = (
				CB7F046024C3093C0084D64E /* Sources */,
				CB7F046124C3093C0084D64E /* Frameworks */,
				CB7F046224C3093C0084D64E /* Resources */,
			);
			buildRules = (
			);
			dependencies = (
				CB7F046A24C3093C0084D64E /* PBXTargetDependency */,
			);
			name = travelAppTests;
			productName = travelAppTests;
			productReference = CB7F046424C3093C0084D64E /* travelAppTests.xctest */;
			productType = "com.apple.product-type.bundle.unit-test";
		};
/* End PBXNativeTarget section */

/* Begin PBXProject section */
		CB6BF2B024BDDBE40065F64E /* Project object */ = {
			isa = PBXProject;
			attributes = {
				LastSwiftUpdateCheck = 1130;
				LastUpgradeCheck = 1130;
				ORGANIZATIONNAME = "Merouane Bellaha";
				TargetAttributes = {
					CB6BF2B724BDDBE40065F64E = {
						CreatedOnToolsVersion = 11.3;
					};
					CB7F046324C3093C0084D64E = {
						CreatedOnToolsVersion = 11.3;
						TestTargetID = CB6BF2B724BDDBE40065F64E;
					};
				};
			};
			buildConfigurationList = CB6BF2B324BDDBE40065F64E /* Build configuration list for PBXProject "travelApp" */;
			compatibilityVersion = "Xcode 9.3";
			developmentRegion = en;
			hasScannedForEncodings = 0;
			knownRegions = (
				en,
				Base,
			);
			mainGroup = CB6BF2AF24BDDBE40065F64E;
			productRefGroup = CB6BF2B924BDDBE40065F64E /* Products */;
			projectDirPath = "";
			projectRoot = "";
			targets = (
				CB6BF2B724BDDBE40065F64E /* travelApp */,
				CB7F046324C3093C0084D64E /* travelAppTests */,
			);
		};
/* End PBXProject section */

/* Begin PBXResourcesBuildPhase section */
		CB6BF2B624BDDBE40065F64E /* Resources */ = {
			isa = PBXResourcesBuildPhase;
			buildActionMask = 2147483647;
			files = (
				CB6BF2CB24BDDBE60065F64E /* LaunchScreen.storyboard in Resources */,
				CB6BF2C824BDDBE60065F64E /* Assets.xcassets in Resources */,
				CB6BF2C324BDDBE40065F64E /* Main.storyboard in Resources */,
			);
			runOnlyForDeploymentPostprocessing = 0;
		};
		CB7F046224C3093C0084D64E /* Resources */ = {
			isa = PBXResourcesBuildPhase;
			buildActionMask = 2147483647;
			files = (
			);
			runOnlyForDeploymentPostprocessing = 0;
		};
/* End PBXResourcesBuildPhase section */

/* Begin PBXSourcesBuildPhase section */
		CB6BF2B424BDDBE40065F64E /* Sources */ = {
			isa = PBXSourcesBuildPhase;
			buildActionMask = 2147483647;
			files = (
				CB6BF2C024BDDBE40065F64E /* ConverterVC.swift in Sources */,
				CB7F047724C318B90084D64E /* Constant.swift in Sources */,
				CB925B3924BF36E20049774F /* UIViewController + setAlertVc.swift in Sources */,
				CB6BF2D824BDE5090065F64E /* WeatherVC.swift in Sources */,
				CB7F047324C310390084D64E /* HTTPEngine.swift in Sources */,
				CB925B3D24BF80B60049774F /* CoreDataManager.swift in Sources */,
				CB6BF2C624BDDBE40065F64E /* travelApp.xcdatamodeld in Sources */,
				CB6BF2BC24BDDBE40065F64E /* AppDelegate.swift in Sources */,
				CB8F7C4924BE38C80080570D /* Data.swift in Sources */,
				CB925B3F24BF80D70049774F /* CoreDataStack.swift in Sources */,
				CB6BF2DA24BDE52F0065F64E /* ToDoVC.swift in Sources */,
				CBEF0C4824C472F9008535E1 /* WeatherModel.swift in Sources */,
				CB7F047524C318550084D64E /* HTTPclient.swift in Sources */,
				CB6BF2DC24BDE54D0065F64E /* SettingsVC.swift in Sources */,
				CB8F7C4724BE38950080570D /* RequestError.swift in Sources */,
				CBFB8BA924C3C4E000318370 /* UIViewController + setKeyboard.swift in Sources */,
				CB6BF2D624BDE4340065F64E /* TranslatorVC.swift in Sources */,
				CB925B3B24BF60B90049774F /* NotificationName.swift in Sources */,
				CBC5FE7E24C3920C00B671A3 /* UIView + animateCellBackground.swift in Sources */,
			);
			runOnlyForDeploymentPostprocessing = 0;
		};
		CB7F046024C3093C0084D64E /* Sources */ = {
			isa = PBXSourcesBuildPhase;
			buildActionMask = 2147483647;
			files = (
				CBEF0C4A24C49D4A008535E1 /* WeatherModelTest.swift in Sources */,
				CB7F047124C309F60084D64E /* FakeCoreDataStack.swift in Sources */,
				CB7F046724C3093C0084D64E /* CoreDataManagerTest.swift in Sources */,
			);
			runOnlyForDeploymentPostprocessing = 0;
		};
/* End PBXSourcesBuildPhase section */

/* Begin PBXTargetDependency section */
		CB7F046A24C3093C0084D64E /* PBXTargetDependency */ = {
			isa = PBXTargetDependency;
			target = CB6BF2B724BDDBE40065F64E /* travelApp */;
			targetProxy = CB7F046924C3093C0084D64E /* PBXContainerItemProxy */;
		};
/* End PBXTargetDependency section */

/* Begin PBXVariantGroup section */
		CB6BF2C124BDDBE40065F64E /* Main.storyboard */ = {
			isa = PBXVariantGroup;
			children = (
				CB6BF2C224BDDBE40065F64E /* Base */,
			);
			name = Main.storyboard;
			sourceTree = "<group>";
		};
		CB6BF2C924BDDBE60065F64E /* LaunchScreen.storyboard */ = {
			isa = PBXVariantGroup;
			children = (
				CB6BF2CA24BDDBE60065F64E /* Base */,
			);
			name = LaunchScreen.storyboard;
			sourceTree = "<group>";
		};
/* End PBXVariantGroup section */

/* Begin XCBuildConfiguration section */
		CB6BF2CD24BDDBE60065F64E /* Debug */ = {
			isa = XCBuildConfiguration;
			buildSettings = {
				ALWAYS_SEARCH_USER_PATHS = NO;
				CLANG_ANALYZER_NONNULL = YES;
				CLANG_ANALYZER_NUMBER_OBJECT_CONVERSION = YES_AGGRESSIVE;
				CLANG_CXX_LANGUAGE_STANDARD = "gnu++14";
				CLANG_CXX_LIBRARY = "libc++";
				CLANG_ENABLE_MODULES = YES;
				CLANG_ENABLE_OBJC_ARC = YES;
				CLANG_ENABLE_OBJC_WEAK = YES;
				CLANG_WARN_BLOCK_CAPTURE_AUTORELEASING = YES;
				CLANG_WARN_BOOL_CONVERSION = YES;
				CLANG_WARN_COMMA = YES;
				CLANG_WARN_CONSTANT_CONVERSION = YES;
				CLANG_WARN_DEPRECATED_OBJC_IMPLEMENTATIONS = YES;
				CLANG_WARN_DIRECT_OBJC_ISA_USAGE = YES_ERROR;
				CLANG_WARN_DOCUMENTATION_COMMENTS = YES;
				CLANG_WARN_EMPTY_BODY = YES;
				CLANG_WARN_ENUM_CONVERSION = YES;
				CLANG_WARN_INFINITE_RECURSION = YES;
				CLANG_WARN_INT_CONVERSION = YES;
				CLANG_WARN_NON_LITERAL_NULL_CONVERSION = YES;
				CLANG_WARN_OBJC_IMPLICIT_RETAIN_SELF = YES;
				CLANG_WARN_OBJC_LITERAL_CONVERSION = YES;
				CLANG_WARN_OBJC_ROOT_CLASS = YES_ERROR;
				CLANG_WARN_RANGE_LOOP_ANALYSIS = YES;
				CLANG_WARN_STRICT_PROTOTYPES = YES;
				CLANG_WARN_SUSPICIOUS_MOVE = YES;
				CLANG_WARN_UNGUARDED_AVAILABILITY = YES_AGGRESSIVE;
				CLANG_WARN_UNREACHABLE_CODE = YES;
				CLANG_WARN__DUPLICATE_METHOD_MATCH = YES;
				COPY_PHASE_STRIP = NO;
				DEBUG_INFORMATION_FORMAT = dwarf;
				ENABLE_STRICT_OBJC_MSGSEND = YES;
				ENABLE_TESTABILITY = YES;
				GCC_C_LANGUAGE_STANDARD = gnu11;
				GCC_DYNAMIC_NO_PIC = NO;
				GCC_NO_COMMON_BLOCKS = YES;
				GCC_OPTIMIZATION_LEVEL = 0;
				GCC_PREPROCESSOR_DEFINITIONS = (
					"DEBUG=1",
					"$(inherited)",
				);
				GCC_WARN_64_TO_32_BIT_CONVERSION = YES;
				GCC_WARN_ABOUT_RETURN_TYPE = YES_ERROR;
				GCC_WARN_UNDECLARED_SELECTOR = YES;
				GCC_WARN_UNINITIALIZED_AUTOS = YES_AGGRESSIVE;
				GCC_WARN_UNUSED_FUNCTION = YES;
				GCC_WARN_UNUSED_VARIABLE = YES;
				IPHONEOS_DEPLOYMENT_TARGET = 13.2;
				MTL_ENABLE_DEBUG_INFO = INCLUDE_SOURCE;
				MTL_FAST_MATH = YES;
				ONLY_ACTIVE_ARCH = YES;
				SDKROOT = iphoneos;
				SWIFT_ACTIVE_COMPILATION_CONDITIONS = DEBUG;
				SWIFT_OPTIMIZATION_LEVEL = "-Onone";
			};
			name = Debug;
		};
		CB6BF2CE24BDDBE60065F64E /* Release */ = {
			isa = XCBuildConfiguration;
			buildSettings = {
				ALWAYS_SEARCH_USER_PATHS = NO;
				CLANG_ANALYZER_NONNULL = YES;
				CLANG_ANALYZER_NUMBER_OBJECT_CONVERSION = YES_AGGRESSIVE;
				CLANG_CXX_LANGUAGE_STANDARD = "gnu++14";
				CLANG_CXX_LIBRARY = "libc++";
				CLANG_ENABLE_MODULES = YES;
				CLANG_ENABLE_OBJC_ARC = YES;
				CLANG_ENABLE_OBJC_WEAK = YES;
				CLANG_WARN_BLOCK_CAPTURE_AUTORELEASING = YES;
				CLANG_WARN_BOOL_CONVERSION = YES;
				CLANG_WARN_COMMA = YES;
				CLANG_WARN_CONSTANT_CONVERSION = YES;
				CLANG_WARN_DEPRECATED_OBJC_IMPLEMENTATIONS = YES;
				CLANG_WARN_DIRECT_OBJC_ISA_USAGE = YES_ERROR;
				CLANG_WARN_DOCUMENTATION_COMMENTS = YES;
				CLANG_WARN_EMPTY_BODY = YES;
				CLANG_WARN_ENUM_CONVERSION = YES;
				CLANG_WARN_INFINITE_RECURSION = YES;
				CLANG_WARN_INT_CONVERSION = YES;
				CLANG_WARN_NON_LITERAL_NULL_CONVERSION = YES;
				CLANG_WARN_OBJC_IMPLICIT_RETAIN_SELF = YES;
				CLANG_WARN_OBJC_LITERAL_CONVERSION = YES;
				CLANG_WARN_OBJC_ROOT_CLASS = YES_ERROR;
				CLANG_WARN_RANGE_LOOP_ANALYSIS = YES;
				CLANG_WARN_STRICT_PROTOTYPES = YES;
				CLANG_WARN_SUSPICIOUS_MOVE = YES;
				CLANG_WARN_UNGUARDED_AVAILABILITY = YES_AGGRESSIVE;
				CLANG_WARN_UNREACHABLE_CODE = YES;
				CLANG_WARN__DUPLICATE_METHOD_MATCH = YES;
				COPY_PHASE_STRIP = NO;
				DEBUG_INFORMATION_FORMAT = "dwarf-with-dsym";
				ENABLE_NS_ASSERTIONS = NO;
				ENABLE_STRICT_OBJC_MSGSEND = YES;
				GCC_C_LANGUAGE_STANDARD = gnu11;
				GCC_NO_COMMON_BLOCKS = YES;
				GCC_WARN_64_TO_32_BIT_CONVERSION = YES;
				GCC_WARN_ABOUT_RETURN_TYPE = YES_ERROR;
				GCC_WARN_UNDECLARED_SELECTOR = YES;
				GCC_WARN_UNINITIALIZED_AUTOS = YES_AGGRESSIVE;
				GCC_WARN_UNUSED_FUNCTION = YES;
				GCC_WARN_UNUSED_VARIABLE = YES;
				IPHONEOS_DEPLOYMENT_TARGET = 13.2;
				MTL_ENABLE_DEBUG_INFO = NO;
				MTL_FAST_MATH = YES;
				SDKROOT = iphoneos;
				SWIFT_COMPILATION_MODE = wholemodule;
				SWIFT_OPTIMIZATION_LEVEL = "-O";
				VALIDATE_PRODUCT = YES;
			};
			name = Release;
		};
		CB6BF2D024BDDBE60065F64E /* Debug */ = {
			isa = XCBuildConfiguration;
			buildSettings = {
				ASSETCATALOG_COMPILER_APPICON_NAME = AppIcon;
				CODE_SIGN_STYLE = Automatic;
				DEVELOPMENT_TEAM = K8M973GY56;
				INFOPLIST_FILE = travelApp/Info.plist;
				IPHONEOS_DEPLOYMENT_TARGET = 11.0;
				LD_RUNPATH_SEARCH_PATHS = (
					"$(inherited)",
					"@executable_path/Frameworks",
				);
				PRODUCT_BUNDLE_IDENTIFIER = com.merouanebellaha.travelApp;
				PRODUCT_NAME = "$(TARGET_NAME)";
				SWIFT_VERSION = 5.0;
				TARGETED_DEVICE_FAMILY = 1;
			};
			name = Debug;
		};
		CB6BF2D124BDDBE60065F64E /* Release */ = {
			isa = XCBuildConfiguration;
			buildSettings = {
				ASSETCATALOG_COMPILER_APPICON_NAME = AppIcon;
				CODE_SIGN_STYLE = Automatic;
				DEVELOPMENT_TEAM = K8M973GY56;
				INFOPLIST_FILE = travelApp/Info.plist;
				IPHONEOS_DEPLOYMENT_TARGET = 11.0;
				LD_RUNPATH_SEARCH_PATHS = (
					"$(inherited)",
					"@executable_path/Frameworks",
				);
				PRODUCT_BUNDLE_IDENTIFIER = com.merouanebellaha.travelApp;
				PRODUCT_NAME = "$(TARGET_NAME)";
				SWIFT_VERSION = 5.0;
				TARGETED_DEVICE_FAMILY = 1;
			};
			name = Release;
		};
		CB7F046B24C3093C0084D64E /* Debug */ = {
			isa = XCBuildConfiguration;
			buildSettings = {
				BUNDLE_LOADER = "$(TEST_HOST)";
				CODE_SIGN_STYLE = Automatic;
				DEVELOPMENT_TEAM = K8M973GY56;
				INFOPLIST_FILE = travelAppTests/Info.plist;
				LD_RUNPATH_SEARCH_PATHS = (
					"$(inherited)",
					"@executable_path/Frameworks",
					"@loader_path/Frameworks",
				);
				PRODUCT_BUNDLE_IDENTIFIER = com.merouanebellaha.travelAppTests;
				PRODUCT_NAME = "$(TARGET_NAME)";
				SWIFT_VERSION = 5.0;
				TARGETED_DEVICE_FAMILY = "1,2";
				TEST_HOST = "$(BUILT_PRODUCTS_DIR)/travelApp.app/travelApp";
			};
			name = Debug;
		};
		CB7F046C24C3093C0084D64E /* Release */ = {
			isa = XCBuildConfiguration;
			buildSettings = {
				BUNDLE_LOADER = "$(TEST_HOST)";
				CODE_SIGN_STYLE = Automatic;
				DEVELOPMENT_TEAM = K8M973GY56;
				INFOPLIST_FILE = travelAppTests/Info.plist;
				LD_RUNPATH_SEARCH_PATHS = (
					"$(inherited)",
					"@executable_path/Frameworks",
					"@loader_path/Frameworks",
				);
				PRODUCT_BUNDLE_IDENTIFIER = com.merouanebellaha.travelAppTests;
				PRODUCT_NAME = "$(TARGET_NAME)";
				SWIFT_VERSION = 5.0;
				TARGETED_DEVICE_FAMILY = "1,2";
				TEST_HOST = "$(BUILT_PRODUCTS_DIR)/travelApp.app/travelApp";
			};
			name = Release;
		};
/* End XCBuildConfiguration section */

/* Begin XCConfigurationList section */
		CB6BF2B324BDDBE40065F64E /* Build configuration list for PBXProject "travelApp" */ = {
			isa = XCConfigurationList;
			buildConfigurations = (
				CB6BF2CD24BDDBE60065F64E /* Debug */,
				CB6BF2CE24BDDBE60065F64E /* Release */,
			);
			defaultConfigurationIsVisible = 0;
			defaultConfigurationName = Release;
		};
		CB6BF2CF24BDDBE60065F64E /* Build configuration list for PBXNativeTarget "travelApp" */ = {
			isa = XCConfigurationList;
			buildConfigurations = (
				CB6BF2D024BDDBE60065F64E /* Debug */,
				CB6BF2D124BDDBE60065F64E /* Release */,
			);
			defaultConfigurationIsVisible = 0;
			defaultConfigurationName = Release;
		};
		CB7F046D24C3093C0084D64E /* Build configuration list for PBXNativeTarget "travelAppTests" */ = {
			isa = XCConfigurationList;
			buildConfigurations = (
				CB7F046B24C3093C0084D64E /* Debug */,
				CB7F046C24C3093C0084D64E /* Release */,
			);
			defaultConfigurationIsVisible = 0;
			defaultConfigurationName = Release;
		};
/* End XCConfigurationList section */

/* Begin XCVersionGroup section */
		CB6BF2C424BDDBE40065F64E /* travelApp.xcdatamodeld */ = {
			isa = XCVersionGroup;
			children = (
				CB6BF2C524BDDBE40065F64E /* travelApp.xcdatamodel */,
			);
			currentVersion = CB6BF2C524BDDBE40065F64E /* travelApp.xcdatamodel */;
			path = travelApp.xcdatamodeld;
			sourceTree = "<group>";
			versionGroupType = wrapper.xcdatamodel;
		};
/* End XCVersionGroup section */
	};
	rootObject = CB6BF2B024BDDBE40065F64E /* Project object */;
}
