// !$*UTF8*$!
{
	archiveVersion = 1;
	classes = {
	};
	objectVersion = 50;
	objects = {

/* Begin PBXBuildFile section */
		CB6BF2BC24BDDBE40065F64E /* AppDelegate.swift in Sources */ = {isa = PBXBuildFile; fileRef = CB6BF2BB24BDDBE40065F64E /* AppDelegate.swift */; };
		CB6BF2BE24BDDBE40065F64E /* SceneDelegate.swift in Sources */ = {isa = PBXBuildFile; fileRef = CB6BF2BD24BDDBE40065F64E /* SceneDelegate.swift */; };
		CB6BF2C024BDDBE40065F64E /* ViewController.swift in Sources */ = {isa = PBXBuildFile; fileRef = CB6BF2BF24BDDBE40065F64E /* ViewController.swift */; };
		CB6BF2C324BDDBE40065F64E /* Main.storyboard in Resources */ = {isa = PBXBuildFile; fileRef = CB6BF2C124BDDBE40065F64E /* Main.storyboard */; };
		CB6BF2C624BDDBE40065F64E /* travelApp.xcdatamodeld in Sources */ = {isa = PBXBuildFile; fileRef = CB6BF2C424BDDBE40065F64E /* travelApp.xcdatamodeld */; };
		CB6BF2C824BDDBE60065F64E /* Assets.xcassets in Resources */ = {isa = PBXBuildFile; fileRef = CB6BF2C724BDDBE60065F64E /* Assets.xcassets */; };
		CB6BF2CB24BDDBE60065F64E /* LaunchScreen.storyboard in Resources */ = {isa = PBXBuildFile; fileRef = CB6BF2C924BDDBE60065F64E /* LaunchScreen.storyboard */; };
/* End PBXBuildFile section */

/* Begin PBXFileReference section */
		CB6BF2B824BDDBE40065F64E /* travelApp.app */ = {isa = PBXFileReference; explicitFileType = wrapper.application; includeInIndex = 0; path = travelApp.app; sourceTree = BUILT_PRODUCTS_DIR; };
		CB6BF2BB24BDDBE40065F64E /* AppDelegate.swift */ = {isa = PBXFileReference; lastKnownFileType = sourcecode.swift; path = AppDelegate.swift; sourceTree = "<group>"; };
		CB6BF2BD24BDDBE40065F64E /* SceneDelegate.swift */ = {isa = PBXFileReference; lastKnownFileType = sourcecode.swift; path = SceneDelegate.swift; sourceTree = "<group>"; };
		CB6BF2BF24BDDBE40065F64E /* ViewController.swift */ = {isa = PBXFileReference; lastKnownFileType = sourcecode.swift; path = ViewController.swift; sourceTree = "<group>"; };
		CB6BF2C224BDDBE40065F64E /* Base */ = {isa = PBXFileReference; lastKnownFileType = file.storyboard; name = Base; path = Base.lproj/Main.storyboard; sourceTree = "<group>"; };
		CB6BF2C524BDDBE40065F64E /* travelApp.xcdatamodel */ = {isa = PBXFileReference; lastKnownFileType = wrapper.xcdatamodel; path = travelApp.xcdatamodel; sourceTree = "<group>"; };
		CB6BF2C724BDDBE60065F64E /* Assets.xcassets */ = {isa = PBXFileReference; lastKnownFileType = folder.assetcatalog; path = Assets.xcassets; sourceTree = "<group>"; };
		CB6BF2CA24BDDBE60065F64E /* Base */ = {isa = PBXFileReference; lastKnownFileType = file.storyboard; name = Base; path = Base.lproj/LaunchScreen.storyboard; sourceTree = "<group>"; };
		CB6BF2CC24BDDBE60065F64E /* Info.plist */ = {isa = PBXFileReference; lastKnownFileType = text.plist.xml; path = Info.plist; sourceTree = "<group>"; };
/* End PBXFileReference section */

/* Begin PBXFrameworksBuildPhase section */
		CB6BF2B524BDDBE40065F64E /* Frameworks */ = {
			isa = PBXFrameworksBuildPhase;
			buildActionMask = 2147483647;
			files = (
			);
			runOnlyForDeploymentPostprocessing = 0;
		};
/* End PBXFrameworksBuildPhase section */

/* Begin PBXGroup section */
		CB6BF2AF24BDDBE40065F64E = {
			isa = PBXGroup;
			children = (
				CB6BF2BA24BDDBE40065F64E /* travelApp */,
				CB6BF2B924BDDBE40065F64E /* Products */,
			);
			sourceTree = "<group>";
		};
		CB6BF2B924BDDBE40065F64E /* Products */ = {
			isa = PBXGroup;
			children = (
				CB6BF2B824BDDBE40065F64E /* travelApp.app */,
			);
			name = Products;
			sourceTree = "<group>";
		};
		CB6BF2BA24BDDBE40065F64E /* travelApp */ = {
			isa = PBXGroup;
			children = (
				CB6BF2BB24BDDBE40065F64E /* AppDelegate.swift */,
				CB6BF2BD24BDDBE40065F64E /* SceneDelegate.swift */,
				CB6BF2BF24BDDBE40065F64E /* ViewController.swift */,
				CB6BF2C124BDDBE40065F64E /* Main.storyboard */,
				CB6BF2C724BDDBE60065F64E /* Assets.xcassets */,
				CB6BF2C924BDDBE60065F64E /* LaunchScreen.storyboard */,
				CB6BF2CC24BDDBE60065F64E /* Info.plist */,
				CB6BF2C424BDDBE40065F64E /* travelApp.xcdatamodeld */,
			);
			path = travelApp;
			sourceTree = "<group>";
		};
/* End PBXGroup section */

/* Begin PBXNativeTarget section */
		CB6BF2B724BDDBE40065F64E /* travelApp */ = {
			isa = PBXNativeTarget;
			buildConfigurationList = CB6BF2CF24BDDBE60065F64E /* Build configuration list for PBXNativeTarget "travelApp" */;
			buildPhases = (
				CB6BF2B424BDDBE40065F64E /* Sources */,
				CB6BF2B524BDDBE40065F64E /* Frameworks */,
				CB6BF2B624BDDBE40065F64E /* Resources */,
			);
			buildRules = (
			);
			dependencies = (
			);
			name = travelApp;
			productName = travelApp;
			productReference = CB6BF2B824BDDBE40065F64E /* travelApp.app */;
			productType = "com.apple.product-type.application";
		};
/* End PBXNativeTarget section */

/* Begin PBXProject section */
		CB6BF2B024BDDBE40065F64E /* Project object */ = {
			isa = PBXProject;
			attributes = {
				LastSwiftUpdateCheck = 1130;
				LastUpgradeCheck = 1130;
				ORGANIZATIONNAME = "Merouane Bellaha";
				TargetAttributes = {
					CB6BF2B724BDDBE40065F64E = {
						CreatedOnToolsVersion = 11.3;
					};
				};
			};
			buildConfigurationList = CB6BF2B324BDDBE40065F64E /* Build configuration list for PBXProject "travelApp" */;
			compatibilityVersion = "Xcode 9.3";
			developmentRegion = en;
			hasScannedForEncodings = 0;
			knownRegions = (
				en,
				Base,
			);
			mainGroup = CB6BF2AF24BDDBE40065F64E;
			productRefGroup = CB6BF2B924BDDBE40065F64E /* Products */;
			projectDirPath = "";
			projectRoot = "";
			targets = (
				CB6BF2B724BDDBE40065F64E /* travelApp */,
			);
		};
/* End PBXProject section */

/* Begin PBXResourcesBuildPhase section */
		CB6BF2B624BDDBE40065F64E /* Resources */ = {
			isa = PBXResourcesBuildPhase;
			buildActionMask = 2147483647;
			files = (
				CB6BF2CB24BDDBE60065F64E /* LaunchScreen.storyboard in Resources */,
				CB6BF2C824BDDBE60065F64E /* Assets.xcassets in Resources */,
				CB6BF2C324BDDBE40065F64E /* Main.storyboard in Resources */,
			);
			runOnlyForDeploymentPostprocessing = 0;
		};
/* End PBXResourcesBuildPhase section */

/* Begin PBXSourcesBuildPhase section */
		CB6BF2B424BDDBE40065F64E /* Sources */ = {
			isa = PBXSourcesBuildPhase;
			buildActionMask = 2147483647;
			files = (
				CB6BF2C024BDDBE40065F64E /* ViewController.swift in Sources */,
				CB6BF2C624BDDBE40065F64E /* travelApp.xcdatamodeld in Sources */,
				CB6BF2BC24BDDBE40065F64E /* AppDelegate.swift in Sources */,
				CB6BF2BE24BDDBE40065F64E /* SceneDelegate.swift in Sources */,
			);
			runOnlyForDeploymentPostprocessing = 0;
		};
/* End PBXSourcesBuildPhase section */

/* Begin PBXVariantGroup section */
		CB6BF2C124BDDBE40065F64E /* Main.storyboard */ = {
			isa = PBXVariantGroup;
			children = (
				CB6BF2C224BDDBE40065F64E /* Base */,
			);
			name = Main.storyboard;
			sourceTree = "<group>";
		};
		CB6BF2C924BDDBE60065F64E /* LaunchScreen.storyboard */ = {
			isa = PBXVariantGroup;
			children = (
				CB6BF2CA24BDDBE60065F64E /* Base */,
			);
			name = LaunchScreen.storyboard;
			sourceTree = "<group>";
		};
/* End PBXVariantGroup section */

/* Begin XCBuildConfiguration section */
		CB6BF2CD24BDDBE60065F64E /* Debug */ = {
			isa = XCBuildConfiguration;
			buildSettings = {
				ALWAYS_SEARCH_USER_PATHS = NO;
				CLANG_ANALYZER_NONNULL = YES;
				CLANG_ANALYZER_NUMBER_OBJECT_CONVERSION = YES_AGGRESSIVE;
				CLANG_CXX_LANGUAGE_STANDARD = "gnu++14";
				CLANG_CXX_LIBRARY = "libc++";
				CLANG_ENABLE_MODULES = YES;
				CLANG_ENABLE_OBJC_ARC = YES;
				CLANG_ENABLE_OBJC_WEAK = YES;
				CLANG_WARN_BLOCK_CAPTURE_AUTORELEASING = YES;
				CLANG_WARN_BOOL_CONVERSION = YES;
				CLANG_WARN_COMMA = YES;
				CLANG_WARN_CONSTANT_CONVERSION = YES;
				CLANG_WARN_DEPRECATED_OBJC_IMPLEMENTATIONS = YES;
				CLANG_WARN_DIRECT_OBJC_ISA_USAGE = YES_ERROR;
				CLANG_WARN_DOCUMENTATION_COMMENTS = YES;
				CLANG_WARN_EMPTY_BODY = YES;
				CLANG_WARN_ENUM_CONVERSION = YES;
				CLANG_WARN_INFINITE_RECURSION = YES;
				CLANG_WARN_INT_CONVERSION = YES;
				CLANG_WARN_NON_LITERAL_NULL_CONVERSION = YES;
				CLANG_WARN_OBJC_IMPLICIT_RETAIN_SELF = YES;
				CLANG_WARN_OBJC_LITERAL_CONVERSION = YES;
				CLANG_WARN_OBJC_ROOT_CLASS = YES_ERROR;
				CLANG_WARN_RANGE_LOOP_ANALYSIS = YES;
				CLANG_WARN_STRICT_PROTOTYPES = YES;
				CLANG_WARN_SUSPICIOUS_MOVE = YES;
				CLANG_WARN_UNGUARDED_AVAILABILITY = YES_AGGRESSIVE;
				CLANG_WARN_UNREACHABLE_CODE = YES;
				CLANG_WARN__DUPLICATE_METHOD_MATCH = YES;
				COPY_PHASE_STRIP = NO;
				DEBUG_INFORMATION_FORMAT = dwarf;
				ENABLE_STRICT_OBJC_MSGSEND = YES;
				ENABLE_TESTABILITY = YES;
				GCC_C_LANGUAGE_STANDARD = gnu11;
				GCC_DYNAMIC_NO_PIC = NO;
				GCC_NO_COMMON_BLOCKS = YES;
				GCC_OPTIMIZATION_LEVEL = 0;
				GCC_PREPROCESSOR_DEFINITIONS = (
					"DEBUG=1",
					"$(inherited)",
				);
				GCC_WARN_64_TO_32_BIT_CONVERSION = YES;
				GCC_WARN_ABOUT_RETURN_TYPE = YES_ERROR;
				GCC_WARN_UNDECLARED_SELECTOR = YES;
				GCC_WARN_UNINITIALIZED_AUTOS = YES_AGGRESSIVE;
				GCC_WARN_UNUSED_FUNCTION = YES;
				GCC_WARN_UNUSED_VARIABLE = YES;
				IPHONEOS_DEPLOYMENT_TARGET = 13.2;
				MTL_ENABLE_DEBUG_INFO = INCLUDE_SOURCE;
				MTL_FAST_MATH = YES;
				ONLY_ACTIVE_ARCH = YES;
				SDKROOT = iphoneos;
				SWIFT_ACTIVE_COMPILATION_CONDITIONS = DEBUG;
				SWIFT_OPTIMIZATION_LEVEL = "-Onone";
			};
			name = Debug;
		};
		CB6BF2CE24BDDBE60065F64E /* Release */ = {
			isa = XCBuildConfiguration;
			buildSettings = {
				ALWAYS_SEARCH_USER_PATHS = NO;
				CLANG_ANALYZER_NONNULL = YES;
				CLANG_ANALYZER_NUMBER_OBJECT_CONVERSION = YES_AGGRESSIVE;
				CLANG_CXX_LANGUAGE_STANDARD = "gnu++14";
				CLANG_CXX_LIBRARY = "libc++";
				CLANG_ENABLE_MODULES = YES;
				CLANG_ENABLE_OBJC_ARC = YES;
				CLANG_ENABLE_OBJC_WEAK = YES;
				CLANG_WARN_BLOCK_CAPTURE_AUTORELEASING = YES;
				CLANG_WARN_BOOL_CONVERSION = YES;
				CLANG_WARN_COMMA = YES;
				CLANG_WARN_CONSTANT_CONVERSION = YES;
				CLANG_WARN_DEPRECATED_OBJC_IMPLEMENTATIONS = YES;
				CLANG_WARN_DIRECT_OBJC_ISA_USAGE = YES_ERROR;
				CLANG_WARN_DOCUMENTATION_COMMENTS = YES;
				CLANG_WARN_EMPTY_BODY = YES;
				CLANG_WARN_ENUM_CONVERSION = YES;
				CLANG_WARN_INFINITE_RECURSION = YES;
				CLANG_WARN_INT_CONVERSION = YES;
				CLANG_WARN_NON_LITERAL_NULL_CONVERSION = YES;
				CLANG_WARN_OBJC_IMPLICIT_RETAIN_SELF = YES;
				CLANG_WARN_OBJC_LITERAL_CONVERSION = YES;
				CLANG_WARN_OBJC_ROOT_CLASS = YES_ERROR;
				CLANG_WARN_RANGE_LOOP_ANALYSIS = YES;
				CLANG_WARN_STRICT_PROTOTYPES = YES;
				CLANG_WARN_SUSPICIOUS_MOVE = YES;
				CLANG_WARN_UNGUARDED_AVAILABILITY = YES_AGGRESSIVE;
				CLANG_WARN_UNREACHABLE_CODE = YES;
				CLANG_WARN__DUPLICATE_METHOD_MATCH = YES;
				COPY_PHASE_STRIP = NO;
				DEBUG_INFORMATION_FORMAT = "dwarf-with-dsym";
				ENABLE_NS_ASSERTIONS = NO;
				ENABLE_STRICT_OBJC_MSGSEND = YES;
				GCC_C_LANGUAGE_STANDARD = gnu11;
				GCC_NO_COMMON_BLOCKS = YES;
				GCC_WARN_64_TO_32_BIT_CONVERSION = YES;
				GCC_WARN_ABOUT_RETURN_TYPE = YES_ERROR;
				GCC_WARN_UNDECLARED_SELECTOR = YES;
				GCC_WARN_UNINITIALIZED_AUTOS = YES_AGGRESSIVE;
				GCC_WARN_UNUSED_FUNCTION = YES;
				GCC_WARN_UNUSED_VARIABLE = YES;
				IPHONEOS_DEPLOYMENT_TARGET = 13.2;
				MTL_ENABLE_DEBUG_INFO = NO;
				MTL_FAST_MATH = YES;
				SDKROOT = iphoneos;
				SWIFT_COMPILATION_MODE = wholemodule;
				SWIFT_OPTIMIZATION_LEVEL = "-O";
				VALIDATE_PRODUCT = YES;
			};
			name = Release;
		};
		CB6BF2D024BDDBE60065F64E /* Debug */ = {
			isa = XCBuildConfiguration;
			buildSettings = {
				ASSETCATALOG_COMPILER_APPICON_NAME = AppIcon;
				CODE_SIGN_STYLE = Automatic;
				DEVELOPMENT_TEAM = K8M973GY56;
				INFOPLIST_FILE = travelApp/Info.plist;
				LD_RUNPATH_SEARCH_PATHS = (
					"$(inherited)",
					"@executable_path/Frameworks",
				);
				PRODUCT_BUNDLE_IDENTIFIER = com.merouanebellaha.travelApp;
				PRODUCT_NAME = "$(TARGET_NAME)";
				SWIFT_VERSION = 5.0;
				TARGETED_DEVICE_FAMILY = "1,2";
			};
			name = Debug;
		};
		CB6BF2D124BDDBE60065F64E /* Release */ = {
			isa = XCBuildConfiguration;
			buildSettings = {
				ASSETCATALOG_COMPILER_APPICON_NAME = AppIcon;
				CODE_SIGN_STYLE = Automatic;
				DEVELOPMENT_TEAM = K8M973GY56;
				INFOPLIST_FILE = travelApp/Info.plist;
				LD_RUNPATH_SEARCH_PATHS = (
					"$(inherited)",
					"@executable_path/Frameworks",
				);
				PRODUCT_BUNDLE_IDENTIFIER = com.merouanebellaha.travelApp;
				PRODUCT_NAME = "$(TARGET_NAME)";
				SWIFT_VERSION = 5.0;
				TARGETED_DEVICE_FAMILY = "1,2";
			};
			name = Release;
		};
/* End XCBuildConfiguration section */

/* Begin XCConfigurationList section */
		CB6BF2B324BDDBE40065F64E /* Build configuration list for PBXProject "travelApp" */ = {
			isa = XCConfigurationList;
			buildConfigurations = (
				CB6BF2CD24BDDBE60065F64E /* Debug */,
				CB6BF2CE24BDDBE60065F64E /* Release */,
			);
			defaultConfigurationIsVisible = 0;
			defaultConfigurationName = Release;
		};
		CB6BF2CF24BDDBE60065F64E /* Build configuration list for PBXNativeTarget "travelApp" */ = {
			isa = XCConfigurationList;
			buildConfigurations = (
				CB6BF2D024BDDBE60065F64E /* Debug */,
				CB6BF2D124BDDBE60065F64E /* Release */,
			);
			defaultConfigurationIsVisible = 0;
			defaultConfigurationName = Release;
		};
/* End XCConfigurationList section */

/* Begin XCVersionGroup section */
		CB6BF2C424BDDBE40065F64E /* travelApp.xcdatamodeld */ = {
			isa = XCVersionGroup;
			children = (
				CB6BF2C524BDDBE40065F64E /* travelApp.xcdatamodel */,
			);
			currentVersion = CB6BF2C524BDDBE40065F64E /* travelApp.xcdatamodel */;
			path = travelApp.xcdatamodeld;
			sourceTree = "<group>";
			versionGroupType = wrapper.xcdatamodel;
		};
/* End XCVersionGroup section */
	};
	rootObject = CB6BF2B024BDDBE40065F64E /* Project object */;
}
